
Microsoft Visual Studio Solution File, Format Version 12.00
# Visual Studio Version 16
VisualStudioVersion = 16.0.32228.343
MinimumVisualStudioVersion = 10.0.40219.1
Project("{FAE04EC0-301F-11D3-BF4B-00C04F79EFBC}") = "SFSEX.PartsInjector", "SFSEX.PartsInjector.csproj", "{3BA9251B-3D38-44B6-AC19-1C5F05A0B007}"
EndProject
Global
	GlobalSection(SolutionConfigurationPlatforms) = preSolution
		Debug|Any CPU = Debug|Any CPU
		Release|Any CPU = Release|Any CPU
	EndGlobalSection
	GlobalSection(ProjectConfigurationPlatforms) = postSolution
		{3BA9251B-3D38-44B6-AC19-1C5F05A0B007}.Debug|Any CPU.ActiveCfg = Debug|Any CPU
		{3BA9251B-3D38-44B6-AC19-1C5F05A0B007}.Debug|Any CPU.Build.0 = Debug|Any CPU
		{3BA9251B-3D38-44B6-AC19-1C5F05A0B007}.Release|Any CPU.ActiveCfg = Debug|Any CPU
		{3BA9251B-3D38-44B6-AC19-1C5F05A0B007}.Release|Any CPU.Build.0 = Debug|Any CPU
	EndGlobalSection
	GlobalSection(SolutionProperties) = preSolution
		HideSolutionNode = FALSE
	EndGlobalSection
	GlobalSection(ExtensibilityGlobals) = postSolution
		SolutionGuid = {46369E65-316D-47BE-A530-F009A0DCECC1}
	EndGlobalSection
EndGlobal
